Microsoft Visual Studio Solution File, Format Version 12.00
# Visual Studio 15
VisualStudioVersion = 15.0.26124.0
MinimumVisualStudioVersion = 15.0.26124.0
Project("{FAE04EC0-301F-11D3-BF4B-00C04F79EFBC}") = "spikestrips.Client", "Client\spikestrips.Client.csproj", "{AA0DA618-BFAD-40B7-B765-ABFB7453A129}"
EndProject
Project("{FAE04EC0-301F-11D3-BF4B-00C04F79EFBC}") = "spikestrips.Server", "Server\spikestrips.Server.csproj", "{D552AA16-B17B-4269-A720-1D4EE32400A2}"
EndProject
Global
	GlobalSection(SolutionConfigurationPlatforms) = preSolution
		Debug|Any CPU = Debug|Any CPU
		Release|Any CPU = Release|Any CPU
	EndGlobalSection
	GlobalSection(SolutionProperties) = preSolution
		HideSolutionNode = FALSE
	EndGlobalSection
	GlobalSection(ProjectConfigurationPlatforms) = postSolution
		{AA0DA618-BFAD-40B7-B765-ABFB7453A129}.Debug|Any CPU.ActiveCfg = Debug|Any CPU
		{AA0DA618-BFAD-40B7-B765-ABFB7453A129}.Debug|Any CPU.Build.0 = Debug|Any CPU
		{AA0DA618-BFAD-40B7-B765-ABFB7453A129}.Release|Any CPU.ActiveCfg = Release|Any CPU
		{AA0DA618-BFAD-40B7-B765-ABFB7453A129}.Release|Any CPU.Build.0 = Release|Any CPU
		{D552AA16-B17B-4269-A720-1D4EE32400A2}.Debug|Any CPU.ActiveCfg = Debug|Any CPU
		{D552AA16-B17B-4269-A720-1D4EE32400A2}.Debug|Any CPU.Build.0 = Debug|Any CPU
		{D552AA16-B17B-4269-A720-1D4EE32400A2}.Release|Any CPU.ActiveCfg = Release|Any CPU
		{D552AA16-B17B-4269-A720-1D4EE32400A2}.Release|Any CPU.Build.0 = Release|Any CPU
	EndGlobalSection
EndGlobal
